{
  "version": 4,
  "terraform_version": "1.14.3",
  "serial": 13,
  "lineage": "1c327f4c-3d42-cc1f-1099-d953fd6f232e",
  "outputs": {},
  "resources": [
    {
      "module": "module.network_151",
      "mode": "data",
      "type": "aci_application_profile",
      "name": "app_profile",
      "provider": "provider[\"registry.terraform.io/ciscodevnet/aci\"]",
      "instances": [
        {
          "schema_version": 0,
          "attributes": {
            "annotation": "",
            "annotations": [],
            "description": "",
            "id": "uni/tn-OXXO/ap-OX_Prd_AP",
            "name": "OX_Prd_AP",
            "name_alias": "",
            "owner_key": "",
            "owner_tag": "",
            "parent_dn": "uni/tn-OXXO",
            "prio": "unspecified",
            "priority": "unspecified",
            "relation_fv_rs_ap_mon_pol": null,
            "relation_to_monitoring_policy": {
              "annotation": null,
              "annotations": null,
              "monitoring_policy_name": null,
              "tags": null
            },
            "tags": [],
            "tenant_dn": "uni/tn-OXXO"
          },
          "sensitive_attributes": [],
          "identity_schema_version": 0
        }
      ]
    },
    {
      "module": "module.network_151",
      "mode": "data",
      "type": "aci_tenant",
      "name": "tenant",
      "provider": "provider[\"registry.terraform.io/ciscodevnet/aci\"]",
      "instances": [
        {
          "schema_version": 0,
          "attributes": {
            "annotation": "orchestrator:aci-containers-controller",
            "annotations": [],
            "description": "",
            "id": "uni/tn-OXXO",
            "name": "OXXO",
            "name_alias": "",
            "owner_key": "",
            "owner_tag": "",
            "relation_fv_rs_tenant_mon_pol": "uni/tn-common/monepg-default",
            "relation_fv_rs_tn_deny_rule": [],
            "relation_to_monitoring_policy": {
              "annotation": "",
              "annotations": [],
              "monitoring_policy_name": "",
              "tags": []
            },
            "tags": []
          },
          "sensitive_attributes": [],
          "identity_schema_version": 0
        }
      ]
    },
    {
      "module": "module.network_151",
      "mode": "data",
      "type": "aci_vrf",
      "name": "vrf",
      "provider": "provider[\"registry.terraform.io/ciscodevnet/aci\"]",
      "instances": [
        {
          "schema_version": 0,
          "attributes": {
            "annotation": "",
            "annotations": [],
            "bd_enforced_enable": "no",
            "bd_enforcement": "no",
            "description": "",
            "id": "uni/tn-OXXO/ctx-OX_Prd_VRF",
            "ip_data_plane_learning": "enabled",
            "knw_mcast_act": null,
            "name": "OX_Prd_VRF",
            "name_alias": "",
            "owner_key": "",
            "owner_tag": "",
            "parent_dn": "uni/tn-OXXO",
            "pc_enf_dir": "ingress",
            "pc_enf_pref": "enforced",
            "pc_tag": "16386",
            "policy_control_enforcement_direction": "ingress",
            "policy_control_enforcement_mode": "enforced",
            "relation_fv_rs_bgp_ctx_pol": "uni/tn-common/bgpCtxP-default",
            "relation_fv_rs_ctx_mcast_to": [],
            "relation_fv_rs_ctx_mon_pol": null,
            "relation_fv_rs_ctx_to_bgp_ctx_af_pol": [],
            "relation_fv_rs_ctx_to_eigrp_ctx_af_pol": [],
            "relation_fv_rs_ctx_to_ep_ret": "uni/tn-common/epRPol-default",
            "relation_fv_rs_ctx_to_ext_route_tag_pol": "uni/tn-common/rttag-default",
            "relation_fv_rs_ctx_to_ospf_ctx_pol": [],
            "relation_fv_rs_ospf_ctx_pol": "uni/tn-common/ospfCtxP-default",
            "relation_fv_rs_vrf_validation_pol": null,
            "relation_to_address_family_ospf_timers": [],
            "relation_to_bgp_address_family_contexts": [],
            "relation_to_bgp_timers": {
              "annotation": "",
              "annotations": [],
              "bgp_timers_name": "",
              "tags": []
            },
            "relation_to_eigrp_address_family_contexts": [],
            "relation_to_end_point_retention_policy": {
              "annotation": "",
              "annotations": [],
              "end_point_retention_policy_name": "",
              "tags": []
            },
            "relation_to_l3out_route_tag_policy": {
              "annotation": "",
              "annotations": [],
              "l3out_route_tag_policy_name": "",
              "tags": []
            },
            "relation_to_monitoring_policy": {
              "annotation": null,
              "annotations": null,
              "monitoring_policy_name": null,
              "tags": null
            },
            "relation_to_ospf_timers": {
              "annotation": "",
              "annotations": [],
              "ospf_timers_name": "",
              "tags": []
            },
            "relation_to_wan_vpn": {
              "annotation": null,
              "annotations": null,
              "tags": null,
              "target_dn": null
            },
            "scope": "2097152",
            "tags": [],
            "tenant_dn": "uni/tn-OXXO"
          },
          "sensitive_attributes": [],
          "identity_schema_version": 0
        }
      ]
    },
    {
      "module": "module.network_151",
      "mode": "managed",
      "type": "aci_application_epg",
      "name": "epg",
      "provider": "provider[\"registry.terraform.io/ciscodevnet/aci\"]",
      "instances": [
        {
          "schema_version": 2,
          "attributes": {
            "admin_state": "no",
            "annotation": "orchestrator:terraform",
            "annotations": [],
            "application_profile_dn": "uni/tn-OXXO/ap-OX_Prd_AP",
            "contract_exception_tag": "",
            "description": "",
            "epg_useg_block_statement": {
              "annotation": null,
              "annotations": null,
              "description": null,
              "match": null,
              "name": null,
              "name_alias": null,
              "owner_key": null,
              "owner_tag": null,
              "precedence": null,
              "scope": null,
              "tags": null
            },
            "exception_tag": "",
            "flood_in_encapsulation": "disabled",
            "flood_on_encap": "disabled",
            "forwarding_control": "none",
            "fwd_ctrl": "none",
            "has_mcast_source": "no",
            "has_multicast_source": "no",
            "id": "uni/tn-OXXO/ap-OX_Prd_AP/epg-OpsVl151_EPG",
            "intra_epg_isolation": "unenforced",
            "is_attr_based_epg": "no",
            "match_criteria": "AtleastOne",
            "match_t": "AtleastOne",
            "name": "OpsVl151_EPG",
            "name_alias": "",
            "parent_dn": "uni/tn-OXXO/ap-OX_Prd_AP",
            "pc_enf_pref": "unenforced",
            "pc_tag": "49171",
            "pref_gr_memb": "exclude",
            "preferred_group_member": "exclude",
            "prio": "unspecified",
            "priority": "unspecified",
            "relation_fv_rs_aepg_mon_pol": null,
            "relation_fv_rs_bd": "uni/tn-OXXO/BD-Vl151_BD",
            "relation_fv_rs_cons": [],
            "relation_fv_rs_cons_if": [],
            "relation_fv_rs_cust_qos_pol": "uni/tn-common/qoscustom-default",
            "relation_fv_rs_dpp_pol": null,
            "relation_fv_rs_fc_path_att": [],
            "relation_fv_rs_intra_epg": [],
            "relation_fv_rs_node_att": [],
            "relation_fv_rs_path_att": [],
            "relation_fv_rs_prot_by": [],
            "relation_fv_rs_prov": [],
            "relation_fv_rs_prov_def": [],
            "relation_fv_rs_sec_inherited": [],
            "relation_fv_rs_trust_ctrl": null,
            "relation_to_bridge_domain": {
              "annotation": "orchestrator:terraform",
              "annotations": [],
              "bridge_domain_name": "Vl151_BD",
              "tags": []
            },
            "relation_to_consumed_contracts": [],
            "relation_to_contract_masters": [],
            "relation_to_custom_qos_policy": {
              "annotation": "",
              "annotations": [],
              "custom_qos_policy_name": "",
              "tags": []
            },
            "relation_to_data_plane_policing_policy": {
              "annotation": null,
              "annotations": null,
              "data_plane_policing_policy_name": null,
              "tags": null
            },
            "relation_to_domains": [
              {
                "annotation": "orchestrator:terraform",
                "annotations": [],
                "binding_type": "none",
                "class_preference": "encap",
                "custom_epg_name": "",
                "delimiter": "",
                "deployment_immediacy": "lazy",
                "enable_netflow": "disabled",
                "encapsulation": "unknown",
                "encapsulation_mode": "auto",
                "epg_cos": "Cos0",
                "epg_cos_pref": "disabled",
                "ipam_dhcp_override": "0.0.0.0",
                "ipam_enabled": "no",
                "ipam_gateway": "0.0.0.0",
                "lag_policy_name": "",
                "netflow_direction": "both",
                "number_of_ports": "0",
                "port_allocation": "none",
                "primary_encapsulation": "unknown",
                "primary_encapsulation_inner": "unknown",
                "resolution_immediacy": "lazy",
                "secondary_encapsulation_inner": "unknown",
                "switching_mode": "native",
                "tags": [],
                "target_dn": "uni/phys-OXXO_PhysDom",
                "untagged": "no"
              }
            ],
            "relation_to_fibre_channel_paths": [],
            "relation_to_imported_contracts": [],
            "relation_to_intra_epg_contracts": [],
            "relation_to_monitoring_policy": {
              "annotation": null,
              "annotations": null,
              "monitoring_policy_name": null,
              "tags": null
            },
            "relation_to_provided_contracts": [],
            "relation_to_static_leafs": [],
            "relation_to_static_paths": [
              {
                "annotation": "orchestrator:terraform",
                "annotations": [],
                "deployment_immediacy": "lazy",
                "description": "",
                "encapsulation": "vlan-151",
                "mode": "regular",
                "primary_encapsulation": "unknown",
                "tags": [],
                "target_dn": "topology/pod-1/paths-1203/pathep-[eth1/8]"
              }
            ],
            "relation_to_taboo_contracts": [],
            "relation_to_trust_control_policy": {
              "annotation": null,
              "annotations": null,
              "tags": null,
              "trust_control_policy_name": null
            },
            "scope": "2097152",
            "shutdown": "no",
            "tags": [],
            "useg_epg": "no"
          },
          "sensitive_attributes": [],
          "identity_schema_version": 0,
          "dependencies": [
            "module.network_151.aci_bridge_domain.bd",
            "module.network_151.data.aci_application_profile.app_profile",
            "module.network_151.data.aci_tenant.tenant",
            "module.network_151.data.aci_vrf.vrf"
          ]
        }
      ]
    },
    {
      "module": "module.network_151",
      "mode": "managed",
      "type": "aci_bridge_domain",
      "name": "bd",
      "provider": "provider[\"registry.terraform.io/ciscodevnet/aci\"]",
      "instances": [
        {
          "schema_version": 2,
          "attributes": {
            "advertise_host_routes": "no",
            "annotation": "orchestrator:terraform",
            "annotations": [],
            "arp_flood": "no",
            "arp_flooding": "no",
            "bridge_domain_type": "regular",
            "clear_remote_mac_entries": "no",
            "custom_mac_address": "00:22:BD:F8:19:FF",
            "description": "",
            "drop_arp_with_multicast_smac": "yes",
            "enable_intersite_bum_traffic": "no",
            "enable_rogue_exception_mac": "no",
            "endpoint_move_detection_mode": "",
            "ep_clear": "no",
            "ep_move_detect_mode": "",
            "host_based_routing": "no",
            "id": "uni/tn-OXXO/BD-Vl151_BD",
            "intersite_bum_traffic_allow": "no",
            "intersite_l2_stretch": "no",
            "ip_learning": "yes",
            "ipv6_l3_unknown_multicast_flooding": "flood",
            "ipv6_mcast_allow": "no",
            "l2_unknown_unicast_flooding": "proxy",
            "l3_unknown_multicast_flooding": "flood",
            "legacy_mode": {
              "annotation": null,
              "annotations": null,
              "description": null,
              "encapsulation": null,
              "name": null,
              "name_alias": null,
              "owner_key": null,
              "owner_tag": null,
              "tags": null
            },
            "limit_ip_learn_to_subnets": "yes",
            "link_local_ipv6_address": "::",
            "ll_addr": "::",
            "mac": "00:22:BD:F8:19:FF",
            "mcast_allow": "no",
            "multi_destination_flooding": "bd-flood",
            "multi_dst_pkt_act": "bd-flood",
            "name": "Vl151_BD",
            "name_alias": "",
            "optimize_wan_bandwidth": "no",
            "owner_key": "",
            "owner_tag": "",
            "parent_dn": "uni/tn-OXXO",
            "pc_tag": "16399",
            "pim": "no",
            "pim_ipv6": "no",
            "relation_fv_rs_abd_pol_mon_pol": null,
            "relation_fv_rs_bd_flood_to": [],
            "relation_fv_rs_bd_to_ep_ret": "uni/tn-common/epRPol-default",
            "relation_fv_rs_bd_to_fhs": null,
            "relation_fv_rs_bd_to_nd_p": "uni/tn-common/ndifpol-default",
            "relation_fv_rs_bd_to_netflow_monitor_pol": [],
            "relation_fv_rs_bd_to_out": [],
            "relation_fv_rs_bd_to_profile": null,
            "relation_fv_rs_bd_to_relay_p": null,
            "relation_fv_rs_ctx": "uni/tn-OXXO/ctx-OX_Prd_VRF",
            "relation_fv_rs_igmpsn": "uni/tn-common/snPol-default",
            "relation_fv_rs_mldsn": "uni/tn-common/mldsnoopPol-default",
            "relation_to_dhcp_relay_policy": {
              "annotation": null,
              "annotations": null,
              "dhcp_relay_policy_name": null,
              "tags": null
            },
            "relation_to_end_point_retention_policy": {
              "annotation": "",
              "annotations": [],
              "end_point_retention_policy_name": "",
              "resolve_action": "resolve",
              "tags": []
            },
            "relation_to_first_hop_security_policy": {
              "annotation": null,
              "annotations": null,
              "first_hop_security_policy_name": null,
              "tags": null
            },
            "relation_to_igmp_snooping_policy": {
              "annotation": "",
              "annotations": [],
              "igmp_snooping_policy_name": "",
              "tags": []
            },
            "relation_to_l3_outsides": [],
            "relation_to_mld_snooping_policy": {
              "annotation": "",
              "annotations": [],
              "mld_snooping_policy_name": "",
              "tags": []
            },
            "relation_to_monitoring_policy": {
              "annotation": null,
              "annotations": null,
              "monitoring_policy_name": null,
              "tags": null
            },
            "relation_to_neighbor_discovery_interface_policy": {
              "annotation": "",
              "annotations": [],
              "neighbor_discovery_interface_policy_name": "",
              "tags": []
            },
            "relation_to_netflow_monitor_policies": [],
            "relation_to_route_control_profile": {
              "annotation": null,
              "annotations": null,
              "l3_outside_name": null,
              "route_control_profile_name": null,
              "tags": null
            },
            "relation_to_vrf": {
              "annotation": "orchestrator:terraform",
              "annotations": [],
              "tags": [],
              "vrf_name": "OX_Prd_VRF"
            },
            "rogue_coop_exceptions": [],
            "scope": "2097152",
            "segment": "16580488",
            "service_bd_routing_disable": "no",
            "tags": [],
            "tenant_dn": "uni/tn-OXXO",
            "unicast_route": "yes",
            "unicast_routing": "yes",
            "unk_mac_ucast_act": "proxy",
            "unk_mcast_act": "flood",
            "v6unk_mcast_act": "flood",
            "virtual_mac_address": "not-applicable",
            "vmac": "not-applicable"
          },
          "sensitive_attributes": [],
          "identity_schema_version": 0,
          "dependencies": [
            "module.network_151.data.aci_tenant.tenant",
            "module.network_151.data.aci_vrf.vrf"
          ]
        }
      ]
    },
    {
      "module": "module.network_151",
      "mode": "managed",
      "type": "aci_epg_to_static_path",
      "name": "example",
      "provider": "provider[\"registry.terraform.io/ciscodevnet/aci\"]",
      "instances": [
        {
          "schema_version": 1,
          "attributes": {
            "annotation": "orchestrator:terraform",
            "application_epg_dn": "uni/tn-OXXO/ap-OX_Prd_AP/epg-OpsVl151_EPG",
            "description": null,
            "encap": "vlan-151",
            "id": "uni/tn-OXXO/ap-OX_Prd_AP/epg-OpsVl151_EPG/rspathAtt-[topology/pod-1/paths-1203/pathep-[eth1/8]]",
            "instr_imedcy": "lazy",
            "mode": "regular",
            "primary_encap": "unknown",
            "tdn": "topology/pod-1/paths-1203/pathep-[eth1/8]"
          },
          "sensitive_attributes": [],
          "identity_schema_version": 0,
          "private": "eyJzY2hlbWFfdmVyc2lvbiI6IjEifQ==",
          "dependencies": [
            "module.network_151.aci_application_epg.epg",
            "module.network_151.aci_bridge_domain.bd",
            "module.network_151.data.aci_application_profile.app_profile",
            "module.network_151.data.aci_tenant.tenant",
            "module.network_151.data.aci_vrf.vrf"
          ]
        }
      ]
    },
    {
      "module": "module.network_151",
      "mode": "managed",
      "type": "aci_relation_to_domain",
      "name": "phy_dom",
      "provider": "provider[\"registry.terraform.io/ciscodevnet/aci\"]",
      "instances": [
        {
          "schema_version": 0,
          "attributes": {
            "annotation": "orchestrator:terraform",
            "annotations": [],
            "binding_type": "none",
            "class_preference": "encap",
            "custom_epg_name": "",
            "delimiter": "",
            "deployment_immediacy": "lazy",
            "enable_netflow": "disabled",
            "encapsulation": "unknown",
            "encapsulation_mode": "auto",
            "epg_cos": "Cos0",
            "epg_cos_pref": "disabled",
            "id": "uni/tn-OXXO/ap-OX_Prd_AP/epg-OpsVl151_EPG/rsdomAtt-[uni/phys-OXXO_PhysDom]",
            "ipam_dhcp_override": "0.0.0.0",
            "ipam_enabled": "no",
            "ipam_gateway": "0.0.0.0",
            "lag_policy_name": "",
            "netflow_direction": "both",
            "number_of_ports": "0",
            "parent_dn": "uni/tn-OXXO/ap-OX_Prd_AP/epg-OpsVl151_EPG",
            "port_allocation": "none",
            "primary_encapsulation": "unknown",
            "primary_encapsulation_inner": "unknown",
            "resolution_immediacy": "lazy",
            "secondary_encapsulation_inner": "unknown",
            "switching_mode": "native",
            "tags": [],
            "target_dn": "uni/phys-OXXO_PhysDom",
            "untagged": "no"
          },
          "sensitive_attributes": [],
          "identity_schema_version": 0,
          "dependencies": [
            "module.network_151.aci_application_epg.epg",
            "module.network_151.aci_bridge_domain.bd",
            "module.network_151.data.aci_application_profile.app_profile",
            "module.network_151.data.aci_tenant.tenant",
            "module.network_151.data.aci_vrf.vrf"
          ]
        }
      ]
    },
    {
      "module": "module.network_151",
      "mode": "managed",
      "type": "aci_subnet",
      "name": "gateway",
      "provider": "provider[\"registry.terraform.io/ciscodevnet/aci\"]",
      "instances": [
        {
          "schema_version": 1,
          "attributes": {
            "annotation": "orchestrator:terraform",
            "anycast_mac": "",
            "ctrl": [
              "nd"
            ],
            "description": "",
            "id": "uni/tn-OXXO/BD-Vl151_BD/subnet-[10.184.151.1/24]",
            "ip": "10.184.151.1/24",
            "ip_data_plane_learning": "enabled",
            "msnlb": [],
            "name_alias": "",
            "next_hop_addr": "",
            "parent_dn": "uni/tn-OXXO/BD-Vl151_BD",
            "preferred": "no",
            "relation_fv_rs_bd_subnet_to_out": null,
            "relation_fv_rs_bd_subnet_to_profile": "",
            "relation_fv_rs_nd_pfx_pol": "",
            "scope": [
              "private"
            ],
            "virtual": "no"
          },
          "sensitive_attributes": [],
          "identity_schema_version": 0,
          "private": "eyJzY2hlbWFfdmVyc2lvbiI6IjEifQ==",
          "dependencies": [
            "module.network_151.aci_bridge_domain.bd",
            "module.network_151.data.aci_tenant.tenant",
            "module.network_151.data.aci_vrf.vrf",
            "module.network_151.menandmice_ipam_record.gateway",
            "module.network_151.menandmice_range.ipam_range"
          ]
        }
      ]
    },
    {
      "module": "module.network_151",
      "mode": "managed",
      "type": "menandmice_ipam_record",
      "name": "gateway",
      "provider": "provider[\"registry.terraform.io/menandmice/menandmice\"]",
      "instances": [
        {
          "schema_version": 0,
          "attributes": {
            "address": "10.184.151.1",
            "claimed": true,
            "current_address": "10.184.151.1",
            "custom_properties": {},
            "device": "",
            "discovery_type": "None",
            "extraneous_ptr": false,
            "free_ip": [
              {
                "exclude_dhcp": false,
                "ping": false,
                "range": "10.184.151.0/24",
                "start_at": "",
                "temporary_claim_time": 60
              }
            ],
            "id": "ipamRecords/174",
            "interface": "",
            "last_discovery_date": "",
            "last_known_client_identifier": "",
            "last_seen_date": "",
            "ptr_status": "Unknown",
            "ref": "ipamRecords/174",
            "state": "Claimed",
            "usage": 8
          },
          "sensitive_attributes": [],
          "identity_schema_version": 0,
          "private": "bnVsbA==",
          "dependencies": [
            "module.network_151.menandmice_range.ipam_range"
          ]
        }
      ]
    },
    {
      "module": "module.network_151",
      "mode": "managed",
      "type": "menandmice_range",
      "name": "ipam_range",
      "provider": "provider[\"registry.terraform.io/menandmice/menandmice\"]",
      "instances": [
        {
          "schema_version": 0,
          "attributes": {
            "ad_site_display_name": "",
            "ad_site_ref": "",
            "auto_assign": false,
            "child_ranges": [],
            "cidr": "10.184.151.0/24",
            "cloud_network_ref": "",
            "created": "2026-02-17T14:33:20-05:00",
            "custom_properties": {},
            "description": "",
            "free_range": [],
            "from": "10.184.151.0",
            "has_monitor": false,
            "has_rogue_addresses": false,
            "has_schedule": false,
            "id": "ranges/44",
            "inherit_access": true,
            "is_container": false,
            "lastmodified": "",
            "locked": false,
            "name": "10.184.151.0/24",
            "parent_ref": "ranges/1",
            "ref": "ranges/44",
            "subnet": true,
            "title": "Network Net_151",
            "to": "10.184.151.255",
            "utilization_percentage": 1
          },
          "sensitive_attributes": [],
          "identity_schema_version": 0,
          "private": "bnVsbA=="
        }
      ]
    }
  ],
  "check_results": null
}
